{
  "requires": true,
  "lockfileVersion": 1,
  "dependencies": {
    "typeface-roboto": {
      "version": "1.1.13",
      "resolved": "https://registry.npmjs.org/typeface-roboto/-/typeface-roboto-1.1.13.tgz",
      "integrity": "sha512-YXvbd3a1QTREoD+FJoEkl0VQNJoEjewR2H11IjVv4bp6ahuIcw0yyw/3udC4vJkHw3T3cUh85FTg8eWef3pSaw=="
    },
    "typeface-roboto-slab": {
      "version": "1.1.13",
      "resolved": "https://registry.npmjs.org/typeface-roboto-slab/-/typeface-roboto-slab-1.1.13.tgz",
      "integrity": "sha512-2oDTI2Z8GC/ijzhEXPYFA2EmF2Rm446skjY3gK56EzfVEX3BBgil1H9/ifqx9/IfBNwlqVoVs9Ez/g6zOhvC1Q=="
    }
  }
}
